// !$*UTF8*$!
{
	archiveVersion = 1;
	classes = {
	};
	objectVersion = 56;
	objects = {

/* Begin PBXBuildFile section */
		D06298472ACE771300B669C9 /* day2.cpp in Sources */ = {isa = PBXBuildFile; fileRef = D06298452ACE771300B669C9 /* day2.cpp */; };
		D062984E2ACF23EC00B669C9 /* day3.cpp in Sources */ = {isa = PBXBuildFile; fileRef = D062984C2ACF23EC00B669C9 /* day3.cpp */; };
		D06298552ACF9A5300B669C9 /* day4.cpp in Sources */ = {isa = PBXBuildFile; fileRef = D06298532ACF9A5300B669C9 /* day4.cpp */; };
		D062985B2ACF9C0E00B669C9 /* md5.cpp in Sources */ = {isa = PBXBuildFile; fileRef = D06298592ACF9C0E00B669C9 /* md5.cpp */; };
		D062985F2ACFAF6400B669C9 /* day5.cpp in Sources */ = {isa = PBXBuildFile; fileRef = D062985D2ACFAF6400B669C9 /* day5.cpp */; };
		D06298642AD07CA800B669C9 /* day6.cpp in Sources */ = {isa = PBXBuildFile; fileRef = D06298622AD07CA800B669C9 /* day6.cpp */; };
		D06298692AD0ED8B00B669C9 /* day7.cpp in Sources */ = {isa = PBXBuildFile; fileRef = D06298672AD0ED8B00B669C9 /* day7.cpp */; };
		D0ABF1372ACE6208008FE5D6 /* main.cpp in Sources */ = {isa = PBXBuildFile; fileRef = D0ABF1362ACE6208008FE5D6 /* main.cpp */; };
		D0ABF1402ACE6253008FE5D6 /* day1.cpp in Sources */ = {isa = PBXBuildFile; fileRef = D0ABF13E2ACE6253008FE5D6 /* day1.cpp */; };
/* End PBXBuildFile section */

/* Begin PBXCopyFilesBuildPhase section */
		D0ABF1312ACE6208008FE5D6 /* CopyFiles */ = {
			isa = PBXCopyFilesBuildPhase;
			buildActionMask = 2147483647;
			dstPath = /usr/share/man/man1/;
			dstSubfolderSpec = 0;
			files = (
			);
			runOnlyForDeploymentPostprocessing = 1;
		};
/* End PBXCopyFilesBuildPhase section */

/* Begin PBXFileReference section */
		D06298452ACE771300B669C9 /* day2.cpp */ = {isa = PBXFileReference; lastKnownFileType = sourcecode.cpp.cpp; path = day2.cpp; sourceTree = "<group>"; };
		D06298462ACE771300B669C9 /* day2.hpp */ = {isa = PBXFileReference; lastKnownFileType = sourcecode.cpp.h; path = day2.hpp; sourceTree = "<group>"; };
		D062984C2ACF23EC00B669C9 /* day3.cpp */ = {isa = PBXFileReference; lastKnownFileType = sourcecode.cpp.cpp; path = day3.cpp; sourceTree = "<group>"; };
		D062984D2ACF23EC00B669C9 /* day3.hpp */ = {isa = PBXFileReference; lastKnownFileType = sourcecode.cpp.h; path = day3.hpp; sourceTree = "<group>"; };
		D062984F2ACF24CD00B669C9 /* instructions.txt */ = {isa = PBXFileReference; fileEncoding = 4; lastKnownFileType = text; path = instructions.txt; sourceTree = "<group>"; };
		D06298502ACF250600B669C9 /* instructions.txt */ = {isa = PBXFileReference; fileEncoding = 4; lastKnownFileType = text; path = instructions.txt; sourceTree = "<group>"; };
		D06298532ACF9A5300B669C9 /* day4.cpp */ = {isa = PBXFileReference; lastKnownFileType = sourcecode.cpp.cpp; path = day4.cpp; sourceTree = "<group>"; };
		D06298542ACF9A5300B669C9 /* day4.hpp */ = {isa = PBXFileReference; lastKnownFileType = sourcecode.cpp.h; path = day4.hpp; sourceTree = "<group>"; };
		D06298592ACF9C0E00B669C9 /* md5.cpp */ = {isa = PBXFileReference; lastKnownFileType = sourcecode.cpp.cpp; path = md5.cpp; sourceTree = "<group>"; };
		D062985A2ACF9C0E00B669C9 /* md5.hpp */ = {isa = PBXFileReference; lastKnownFileType = sourcecode.cpp.h; path = md5.hpp; sourceTree = "<group>"; };
		D062985D2ACFAF6400B669C9 /* day5.cpp */ = {isa = PBXFileReference; lastKnownFileType = sourcecode.cpp.cpp; path = day5.cpp; sourceTree = "<group>"; };
		D062985E2ACFAF6400B669C9 /* day5.hpp */ = {isa = PBXFileReference; lastKnownFileType = sourcecode.cpp.h; path = day5.hpp; sourceTree = "<group>"; };
		D06298602ACFAFAF00B669C9 /* instructions.txt */ = {isa = PBXFileReference; fileEncoding = 4; lastKnownFileType = text; path = instructions.txt; sourceTree = "<group>"; };
		D06298622AD07CA800B669C9 /* day6.cpp */ = {isa = PBXFileReference; lastKnownFileType = sourcecode.cpp.cpp; path = day6.cpp; sourceTree = "<group>"; };
		D06298632AD07CA800B669C9 /* day6.hpp */ = {isa = PBXFileReference; lastKnownFileType = sourcecode.cpp.h; path = day6.hpp; sourceTree = "<group>"; };
		D06298652AD0820000B669C9 /* instructions.txt */ = {isa = PBXFileReference; fileEncoding = 4; lastKnownFileType = text; path = instructions.txt; sourceTree = "<group>"; };
		D06298672AD0ED8B00B669C9 /* day7.cpp */ = {isa = PBXFileReference; lastKnownFileType = sourcecode.cpp.cpp; path = day7.cpp; sourceTree = "<group>"; };
		D06298682AD0ED8B00B669C9 /* day7.hpp */ = {isa = PBXFileReference; lastKnownFileType = sourcecode.cpp.h; path = day7.hpp; sourceTree = "<group>"; };
		D062986A2AD0F6DA00B669C9 /* instructions.txt */ = {isa = PBXFileReference; fileEncoding = 4; lastKnownFileType = text; path = instructions.txt; sourceTree = "<group>"; };
		D0ABF1332ACE6208008FE5D6 /* AoC-2015 */ = {isa = PBXFileReference; explicitFileType = "compiled.mach-o.executable"; includeInIndex = 0; path = "AoC-2015"; sourceTree = BUILT_PRODUCTS_DIR; };
		D0ABF1362ACE6208008FE5D6 /* main.cpp */ = {isa = PBXFileReference; lastKnownFileType = sourcecode.cpp.cpp; path = main.cpp; sourceTree = "<group>"; };
		D0ABF13E2ACE6253008FE5D6 /* day1.cpp */ = {isa = PBXFileReference; lastKnownFileType = sourcecode.cpp.cpp; path = day1.cpp; sourceTree = "<group>"; };
		D0ABF13F2ACE6253008FE5D6 /* day1.hpp */ = {isa = PBXFileReference; lastKnownFileType = sourcecode.cpp.h; path = day1.hpp; sourceTree = "<group>"; };
/* End PBXFileReference section */

/* Begin PBXFrameworksBuildPhase section */
		D0ABF1302ACE6208008FE5D6 /* Frameworks */ = {
			isa = PBXFrameworksBuildPhase;
			buildActionMask = 2147483647;
			files = (
			);
			runOnlyForDeploymentPostprocessing = 0;
		};
/* End PBXFrameworksBuildPhase section */

/* Begin PBXGroup section */
		D06298442ACE76FF00B669C9 /* Day2 */ = {
			isa = PBXGroup;
			children = (
				D06298502ACF250600B669C9 /* instructions.txt */,
				D06298452ACE771300B669C9 /* day2.cpp */,
				D06298462ACE771300B669C9 /* day2.hpp */,
			);
			path = Day2;
			sourceTree = "<group>";
		};
		D062984B2ACF23D500B669C9 /* Day3 */ = {
			isa = PBXGroup;
			children = (
				D062984F2ACF24CD00B669C9 /* instructions.txt */,
				D062984C2ACF23EC00B669C9 /* day3.cpp */,
				D062984D2ACF23EC00B669C9 /* day3.hpp */,
			);
			path = Day3;
			sourceTree = "<group>";
		};
		D06298522ACF9A4200B669C9 /* Day4 */ = {
			isa = PBXGroup;
			children = (
				D06298532ACF9A5300B669C9 /* day4.cpp */,
				D06298542ACF9A5300B669C9 /* day4.hpp */,
				D06298592ACF9C0E00B669C9 /* md5.cpp */,
				D062985A2ACF9C0E00B669C9 /* md5.hpp */,
			);
			path = Day4;
			sourceTree = "<group>";
		};
		D062985C2ACFAF5700B669C9 /* Day5 */ = {
			isa = PBXGroup;
			children = (
				D06298602ACFAFAF00B669C9 /* instructions.txt */,
				D062985D2ACFAF6400B669C9 /* day5.cpp */,
				D062985E2ACFAF6400B669C9 /* day5.hpp */,
			);
			path = Day5;
			sourceTree = "<group>";
		};
		D06298612AD07C8E00B669C9 /* Day6 */ = {
			isa = PBXGroup;
			children = (
				D06298652AD0820000B669C9 /* instructions.txt */,
				D06298622AD07CA800B669C9 /* day6.cpp */,
				D06298632AD07CA800B669C9 /* day6.hpp */,
			);
			path = Day6;
			sourceTree = "<group>";
		};
		D06298662AD0ED7C00B669C9 /* Day7 */ = {
			isa = PBXGroup;
			children = (
				D062986A2AD0F6DA00B669C9 /* instructions.txt */,
				D06298672AD0ED8B00B669C9 /* day7.cpp */,
				D06298682AD0ED8B00B669C9 /* day7.hpp */,
			);
			path = Day7;
			sourceTree = "<group>";
		};
		D0ABF12A2ACE6208008FE5D6 = {
			isa = PBXGroup;
			children = (
				D0ABF1352ACE6208008FE5D6 /* AoC-2015 */,
				D0ABF1342ACE6208008FE5D6 /* Products */,
			);
			sourceTree = "<group>";
		};
		D0ABF1342ACE6208008FE5D6 /* Products */ = {
			isa = PBXGroup;
			children = (
				D0ABF1332ACE6208008FE5D6 /* AoC-2015 */,
			);
			name = Products;
			sourceTree = "<group>";
		};
		D0ABF1352ACE6208008FE5D6 /* AoC-2015 */ = {
			isa = PBXGroup;
			children = (
				D06298662AD0ED7C00B669C9 /* Day7 */,
				D06298612AD07C8E00B669C9 /* Day6 */,
				D062985C2ACFAF5700B669C9 /* Day5 */,
				D06298522ACF9A4200B669C9 /* Day4 */,
				D062984B2ACF23D500B669C9 /* Day3 */,
				D06298442ACE76FF00B669C9 /* Day2 */,
				D0ABF13D2ACE6235008FE5D6 /* Day1 */,
				D0ABF1362ACE6208008FE5D6 /* main.cpp */,
			);
			path = "AoC-2015";
			sourceTree = "<group>";
		};
		D0ABF13D2ACE6235008FE5D6 /* Day1 */ = {
			isa = PBXGroup;
			children = (
				D0ABF13E2ACE6253008FE5D6 /* day1.cpp */,
				D0ABF13F2ACE6253008FE5D6 /* day1.hpp */,
			);
			path = Day1;
			sourceTree = "<group>";
		};
/* End PBXGroup section */

/* Begin PBXNativeTarget section */
		D0ABF1322ACE6208008FE5D6 /* AoC-2015 */ = {
			isa = PBXNativeTarget;
			buildConfigurationList = D0ABF13A2ACE6208008FE5D6 /* Build configuration list for PBXNativeTarget "AoC-2015" */;
			buildPhases = (
				D0ABF12F2ACE6208008FE5D6 /* Sources */,
				D0ABF1302ACE6208008FE5D6 /* Frameworks */,
				D0ABF1312ACE6208008FE5D6 /* CopyFiles */,
			);
			buildRules = (
			);
			dependencies = (
			);
			name = "AoC-2015";
			productName = "AoC-2015";
			productReference = D0ABF1332ACE6208008FE5D6 /* AoC-2015 */;
			productType = "com.apple.product-type.tool";
		};
/* End PBXNativeTarget section */

/* Begin PBXProject section */
		D0ABF12B2ACE6208008FE5D6 /* Project object */ = {
			isa = PBXProject;
			attributes = {
				BuildIndependentTargetsInParallel = 1;
				LastUpgradeCheck = 1430;
				TargetAttributes = {
					D0ABF1322ACE6208008FE5D6 = {
						CreatedOnToolsVersion = 14.3;
					};
				};
			};
			buildConfigurationList = D0ABF12E2ACE6208008FE5D6 /* Build configuration list for PBXProject "AoC-2015" */;
			compatibilityVersion = "Xcode 14.0";
			developmentRegion = en;
			hasScannedForEncodings = 0;
			knownRegions = (
				en,
				Base,
			);
			mainGroup = D0ABF12A2ACE6208008FE5D6;
			productRefGroup = D0ABF1342ACE6208008FE5D6 /* Products */;
			projectDirPath = "";
			projectRoot = "";
			targets = (
				D0ABF1322ACE6208008FE5D6 /* AoC-2015 */,
			);
		};
/* End PBXProject section */

/* Begin PBXSourcesBuildPhase section */
		D0ABF12F2ACE6208008FE5D6 /* Sources */ = {
			isa = PBXSourcesBuildPhase;
			buildActionMask = 2147483647;
			files = (
				D062985B2ACF9C0E00B669C9 /* md5.cpp in Sources */,
				D0ABF1402ACE6253008FE5D6 /* day1.cpp in Sources */,
				D06298692AD0ED8B00B669C9 /* day7.cpp in Sources */,
				D0ABF1372ACE6208008FE5D6 /* main.cpp in Sources */,
				D062984E2ACF23EC00B669C9 /* day3.cpp in Sources */,
				D06298552ACF9A5300B669C9 /* day4.cpp in Sources */,
				D06298642AD07CA800B669C9 /* day6.cpp in Sources */,
				D06298472ACE771300B669C9 /* day2.cpp in Sources */,
				D062985F2ACFAF6400B669C9 /* day5.cpp in Sources */,
			);
			runOnlyForDeploymentPostprocessing = 0;
		};
/* End PBXSourcesBuildPhase section */

/* Begin XCBuildConfiguration section */
		D0ABF1382ACE6208008FE5D6 /* Debug */ = {
			isa = XCBuildConfiguration;
			buildSettings = {
				ALWAYS_SEARCH_USER_PATHS = NO;
				CLANG_ANALYZER_NONNULL = YES;
				CLANG_ANALYZER_NUMBER_OBJECT_CONVERSION = YES_AGGRESSIVE;
				CLANG_CXX_LANGUAGE_STANDARD = "gnu++20";
				CLANG_ENABLE_MODULES = YES;
				CLANG_ENABLE_OBJC_ARC = YES;
				CLANG_ENABLE_OBJC_WEAK = YES;
				CLANG_WARN_BLOCK_CAPTURE_AUTORELEASING = YES;
				CLANG_WARN_BOOL_CONVERSION = YES;
				CLANG_WARN_COMMA = YES;
				CLANG_WARN_CONSTANT_CONVERSION = YES;
				CLANG_WARN_DEPRECATED_OBJC_IMPLEMENTATIONS = YES;
				CLANG_WARN_DIRECT_OBJC_ISA_USAGE = YES_ERROR;
				CLANG_WARN_DOCUMENTATION_COMMENTS = YES;
				CLANG_WARN_EMPTY_BODY = YES;
				CLANG_WARN_ENUM_CONVERSION = YES;
				CLANG_WARN_INFINITE_RECURSION = YES;
				CLANG_WARN_INT_CONVERSION = YES;
				CLANG_WARN_NON_LITERAL_NULL_CONVERSION = YES;
				CLANG_WARN_OBJC_IMPLICIT_RETAIN_SELF = YES;
				CLANG_WARN_OBJC_LITERAL_CONVERSION = YES;
				CLANG_WARN_OBJC_ROOT_CLASS = YES_ERROR;
				CLANG_WARN_QUOTED_INCLUDE_IN_FRAMEWORK_HEADER = YES;
				CLANG_WARN_RANGE_LOOP_ANALYSIS = YES;
				CLANG_WARN_STRICT_PROTOTYPES = YES;
				CLANG_WARN_SUSPICIOUS_MOVE = YES;
				CLANG_WARN_UNGUARDED_AVAILABILITY = YES_AGGRESSIVE;
				CLANG_WARN_UNREACHABLE_CODE = YES;
				CLANG_WARN__DUPLICATE_METHOD_MATCH = YES;
				COPY_PHASE_STRIP = NO;
				DEBUG_INFORMATION_FORMAT = dwarf;
				ENABLE_STRICT_OBJC_MSGSEND = YES;
				ENABLE_TESTABILITY = YES;
				GCC_C_LANGUAGE_STANDARD = gnu11;
				GCC_DYNAMIC_NO_PIC = NO;
				GCC_NO_COMMON_BLOCKS = YES;
				GCC_OPTIMIZATION_LEVEL = 0;
				GCC_PREPROCESSOR_DEFINITIONS = (
					"DEBUG=1",
					"$(inherited)",
				);
				GCC_WARN_64_TO_32_BIT_CONVERSION = YES;
				GCC_WARN_ABOUT_RETURN_TYPE = YES_ERROR;
				GCC_WARN_UNDECLARED_SELECTOR = YES;
				GCC_WARN_UNINITIALIZED_AUTOS = YES_AGGRESSIVE;
				GCC_WARN_UNUSED_FUNCTION = YES;
				GCC_WARN_UNUSED_VARIABLE = YES;
				MACOSX_DEPLOYMENT_TARGET = 13.3;
				MTL_ENABLE_DEBUG_INFO = INCLUDE_SOURCE;
				MTL_FAST_MATH = YES;
				ONLY_ACTIVE_ARCH = YES;
				SDKROOT = macosx;
			};
			name = Debug;
		};
		D0ABF1392ACE6208008FE5D6 /* Release */ = {
			isa = XCBuildConfiguration;
			buildSettings = {
				ALWAYS_SEARCH_USER_PATHS = NO;
				CLANG_ANALYZER_NONNULL = YES;
				CLANG_ANALYZER_NUMBER_OBJECT_CONVERSION = YES_AGGRESSIVE;
				CLANG_CXX_LANGUAGE_STANDARD = "gnu++20";
				CLANG_ENABLE_MODULES = YES;
				CLANG_ENABLE_OBJC_ARC = YES;
				CLANG_ENABLE_OBJC_WEAK = YES;
				CLANG_WARN_BLOCK_CAPTURE_AUTORELEASING = YES;
				CLANG_WARN_BOOL_CONVERSION = YES;
				CLANG_WARN_COMMA = YES;
				CLANG_WARN_CONSTANT_CONVERSION = YES;
				CLANG_WARN_DEPRECATED_OBJC_IMPLEMENTATIONS = YES;
				CLANG_WARN_DIRECT_OBJC_ISA_USAGE = YES_ERROR;
				CLANG_WARN_DOCUMENTATION_COMMENTS = YES;
				CLANG_WARN_EMPTY_BODY = YES;
				CLANG_WARN_ENUM_CONVERSION = YES;
				CLANG_WARN_INFINITE_RECURSION = YES;
				CLANG_WARN_INT_CONVERSION = YES;
				CLANG_WARN_NON_LITERAL_NULL_CONVERSION = YES;
				CLANG_WARN_OBJC_IMPLICIT_RETAIN_SELF = YES;
				CLANG_WARN_OBJC_LITERAL_CONVERSION = YES;
				CLANG_WARN_OBJC_ROOT_CLASS = YES_ERROR;
				CLANG_WARN_QUOTED_INCLUDE_IN_FRAMEWORK_HEADER = YES;
				CLANG_WARN_RANGE_LOOP_ANALYSIS = YES;
				CLANG_WARN_STRICT_PROTOTYPES = YES;
				CLANG_WARN_SUSPICIOUS_MOVE = YES;
				CLANG_WARN_UNGUARDED_AVAILABILITY = YES_AGGRESSIVE;
				CLANG_WARN_UNREACHABLE_CODE = YES;
				CLANG_WARN__DUPLICATE_METHOD_MATCH = YES;
				COPY_PHASE_STRIP = NO;
				DEBUG_INFORMATION_FORMAT = "dwarf-with-dsym";
				ENABLE_NS_ASSERTIONS = NO;
				ENABLE_STRICT_OBJC_MSGSEND = YES;
				GCC_C_LANGUAGE_STANDARD = gnu11;
				GCC_NO_COMMON_BLOCKS = YES;
				GCC_WARN_64_TO_32_BIT_CONVERSION = YES;
				GCC_WARN_ABOUT_RETURN_TYPE = YES_ERROR;
				GCC_WARN_UNDECLARED_SELECTOR = YES;
				GCC_WARN_UNINITIALIZED_AUTOS = YES_AGGRESSIVE;
				GCC_WARN_UNUSED_FUNCTION = YES;
				GCC_WARN_UNUSED_VARIABLE = YES;
				MACOSX_DEPLOYMENT_TARGET = 13.3;
				MTL_ENABLE_DEBUG_INFO = NO;
				MTL_FAST_MATH = YES;
				SDKROOT = macosx;
			};
			name = Release;
		};
		D0ABF13B2ACE6208008FE5D6 /* Debug */ = {
			isa = XCBuildConfiguration;
			buildSettings = {
				CODE_SIGN_STYLE = Automatic;
				DEVELOPMENT_TEAM = U794KR8K49;
				ENABLE_HARDENED_RUNTIME = YES;
				PRODUCT_NAME = "$(TARGET_NAME)";
			};
			name = Debug;
		};
		D0ABF13C2ACE6208008FE5D6 /* Release */ = {
			isa = XCBuildConfiguration;
			buildSettings = {
				CODE_SIGN_STYLE = Automatic;
				DEVELOPMENT_TEAM = U794KR8K49;
				ENABLE_HARDENED_RUNTIME = YES;
				PRODUCT_NAME = "$(TARGET_NAME)";
			};
			name = Release;
		};
/* End XCBuildConfiguration section */

/* Begin XCConfigurationList section */
		D0ABF12E2ACE6208008FE5D6 /* Build configuration list for PBXProject "AoC-2015" */ = {
			isa = XCConfigurationList;
			buildConfigurations = (
				D0ABF1382ACE6208008FE5D6 /* Debug */,
				D0ABF1392ACE6208008FE5D6 /* Release */,
			);
			defaultConfigurationIsVisible = 0;
			defaultConfigurationName = Release;
		};
		D0ABF13A2ACE6208008FE5D6 /* Build configuration list for PBXNativeTarget "AoC-2015" */ = {
			isa = XCConfigurationList;
			buildConfigurations = (
				D0ABF13B2ACE6208008FE5D6 /* Debug */,
				D0ABF13C2ACE6208008FE5D6 /* Release */,
			);
			defaultConfigurationIsVisible = 0;
			defaultConfigurationName = Release;
		};
/* End XCConfigurationList section */
	};
	rootObject = D0ABF12B2ACE6208008FE5D6 /* Project object */;
}
